// !$*UTF8*$!
{
	archiveVersion = 1;
	classes = {
	};
	objectVersion = 46;
	objects = {

/* Begin PBXBuildFile section */
		C6B0D4141C090CF40046E409 /* main.cpp in Sources */ = {isa = PBXBuildFile; fileRef = C6B0D4131C090CF40046E409 /* main.cpp */; };
/* End PBXBuildFile section */

/* Begin PBXCopyFilesBuildPhase section */
		C6B0D40D1C090CF40046E409 /* CopyFiles */ = {
			isa = PBXCopyFilesBuildPhase;
			buildActionMask = 2147483647;
			dstPath = /usr/share/man/man1/;
			dstSubfolderSpec = 0;
			files = (
			);
			runOnlyForDeploymentPostprocessing = 1;
		};
/* End PBXCopyFilesBuildPhase section */

/* Begin PBXFileReference section */
		C6B0D40F1C090CF40046E409 /* 4+14+12
5+16+15
6+18+21

8+21+16
10+24+20
12+27+28

4+7+4
5+8+5
6+9+7
Matrix */ = {isa = PBXFileReference; explicitFileType = "compiled.mach-o.executable"; includeInIndex = 0; path = "4+14+12\n5+16+15\n6+18+21\n\n8+21+16\n10+24+20\n12+27+28\n\n4+7+4\n5+8+5\n6+9+7\nMatrix"; sourceTree = BUILT_PRODUCTS_DIR; };
		C6B0D4131C090CF40046E409 /* main.cpp */ = {isa = PBXFileReference; lastKnownFileType = sourcecode.cpp.cpp; path = main.cpp; sourceTree = "<group>"; };
		C6B0D4151C090CF40046E409 /* __14_12_5_16_15_6_18_21__8_21_16_10_24_20_12_27_28__4_7_4_5_8_5_6_9_7_Matrix.1 */ = {isa = PBXFileReference; lastKnownFileType = text.man; path = __14_12_5_16_15_6_18_21__8_21_16_10_24_20_12_27_28__4_7_4_5_8_5_6_9_7_Matrix.1; sourceTree = "<group>"; };
/* End PBXFileReference section */

/* Begin PBXFrameworksBuildPhase section */
		C6B0D40C1C090CF40046E409 /* Frameworks */ = {
			isa = PBXFrameworksBuildPhase;
			buildActionMask = 2147483647;
			files = (
			);
			runOnlyForDeploymentPostprocessing = 0;
		};
/* End PBXFrameworksBuildPhase section */

/* Begin PBXGroup section */
		C6B0D4041C090CF30046E409 = {
			isa = PBXGroup;
			children = (
				C6B0D4121C090CF40046E409 /* 4+14+12
5+16+15
6+18+21

8+21+16
10+24+20
12+27+28

4+7+4
5+8+5
6+9+7
Matrix */,
				C6B0D4101C090CF40046E409 /* Products */,
			);
			sourceTree = "<group>";
		};
		C6B0D4101C090CF40046E409 /* Products */ = {
			isa = PBXGroup;
			children = (
				C6B0D40F1C090CF40046E409 /* 4+14+12
5+16+15
6+18+21

8+21+16
10+24+20
12+27+28

4+7+4
5+8+5
6+9+7
Matrix */,
			);
			name = Products;
			sourceTree = "<group>";
		};
		C6B0D4121C090CF40046E409 /* 4+14+12
5+16+15
6+18+21

8+21+16
10+24+20
12+27+28

4+7+4
5+8+5
6+9+7
Matrix */ = {
			isa = PBXGroup;
			children = (
				C6B0D4131C090CF40046E409 /* main.cpp */,
				C6B0D4151C090CF40046E409 /* __14_12_5_16_15_6_18_21__8_21_16_10_24_20_12_27_28__4_7_4_5_8_5_6_9_7_Matrix.1 */,
			);
			path = "4+14+12\n5+16+15\n6+18+21\n\n8+21+16\n10+24+20\n12+27+28\n\n4+7+4\n5+8+5\n6+9+7\nMatrix";
			sourceTree = "<group>";
		};
/* End PBXGroup section */

/* Begin PBXNativeTarget section */
		C6B0D40E1C090CF40046E409 /* 4+14+12
5+16+15
6+18+21

8+21+16
10+24+20
12+27+28

4+7+4
5+8+5
6+9+7
Matrix */ = {
			isa = PBXNativeTarget;
			buildConfigurationList = C6B0D4181C090CF40046E409 /* Build configuration list for PBXNativeTarget "4+14+12
5+16+15
6+18+21

8+21+16
10+24+20
12+27+28

4+7+4
5+8+5
6+9+7
Matrix" */;
			buildPhases = (
				C6B0D40B1C090CF40046E409 /* Sources */,
				C6B0D40C1C090CF40046E409 /* Frameworks */,
				C6B0D40D1C090CF40046E409 /* CopyFiles */,
			);
			buildRules = (
			);
			dependencies = (
			);
			name = "4+14+12\n5+16+15\n6+18+21\n\n8+21+16\n10+24+20\n12+27+28\n\n4+7+4\n5+8+5\n6+9+7\nMatrix";
			productName = "4+14+12\n5+16+15\n6+18+21\n\n8+21+16\n10+24+20\n12+27+28\n\n4+7+4\n5+8+5\n6+9+7\nMatrix";
			productReference = C6B0D40F1C090CF40046E409 /* 4+14+12
5+16+15
6+18+21

8+21+16
10+24+20
12+27+28

4+7+4
5+8+5
6+9+7
Matrix */;
			productType = "com.apple.product-type.tool";
		};
/* End PBXNativeTarget section */

/* Begin PBXProject section */
		C6B0D4061C090CF40046E409 /* Project object */ = {
			isa = PBXProject;
			buildConfigurationList = C6B0D4091C090CF40046E409 /* Build configuration list for PBXProject "4+14+12
5+16+15
6+18+21

8+21+16
10+24+20
12+27+28

4+7+4
5+8+5
6+9+7
Matrix" */;
			compatibilityVersion = "Xcode 3.2";
			developmentRegion = English;
			hasScannedForEncodings = 0;
			knownRegions = (
				en,
			);
			mainGroup = C6B0D4041C090CF30046E409;
			productRefGroup = C6B0D4101C090CF40046E409 /* Products */;
			projectDirPath = "";
			projectRoot = "";
			targets = (
				C6B0D40E1C090CF40046E409 /* 4+14+12
5+16+15
6+18+21

8+21+16
10+24+20
12+27+28

4+7+4
5+8+5
6+9+7
Matrix */,
			);
		};
/* End PBXProject section */

/* Begin PBXSourcesBuildPhase section */
		C6B0D40B1C090CF40046E409 /* Sources */ = {
			isa = PBXSourcesBuildPhase;
			buildActionMask = 2147483647;
			files = (
				C6B0D4141C090CF40046E409 /* main.cpp in Sources */,
			);
			runOnlyForDeploymentPostprocessing = 0;
		};
/* End PBXSourcesBuildPhase section */

/* Begin XCBuildConfiguration section */
		C6B0D4161C090CF40046E409 /* Debug */ = {
			isa = XCBuildConfiguration;
			buildSettings = {
				ARCHS = "$(ARCHS_STANDARD_32_64_BIT)";
				GCC_C_LANGUAGE_STANDARD = gnu99;
				GCC_OPTIMIZATION_LEVEL = 0;
				GCC_PREPROCESSOR_DEFINITIONS = DEBUG;
				GCC_SYMBOLS_PRIVATE_EXTERN = NO;
				GCC_VERSION = com.apple.compilers.llvm.clang.1_0;
				GCC_WARN_64_TO_32_BIT_CONVERSION = YES;
				GCC_WARN_ABOUT_RETURN_TYPE = YES;
				GCC_WARN_UNUSED_VARIABLE = YES;
				MACOSX_DEPLOYMENT_TARGET = 10.6;
				ONLY_ACTIVE_ARCH = YES;
				SDKROOT = macosx;
			};
			name = Debug;
		};
		C6B0D4171C090CF40046E409 /* Release */ = {
			isa = XCBuildConfiguration;
			buildSettings = {
				ARCHS = "$(ARCHS_STANDARD_32_64_BIT)";
				GCC_C_LANGUAGE_STANDARD = gnu99;
				GCC_VERSION = com.apple.compilers.llvm.clang.1_0;
				GCC_WARN_64_TO_32_BIT_CONVERSION = YES;
				GCC_WARN_ABOUT_RETURN_TYPE = YES;
				GCC_WARN_UNUSED_VARIABLE = YES;
				MACOSX_DEPLOYMENT_TARGET = 10.6;
				SDKROOT = macosx;
			};
			name = Release;
		};
		C6B0D4191C090CF40046E409 /* Debug */ = {
			isa = XCBuildConfiguration;
			buildSettings = {
				ALWAYS_SEARCH_USER_PATHS = NO;
				COPY_PHASE_STRIP = NO;
				GCC_DYNAMIC_NO_PIC = NO;
				GCC_ENABLE_OBJC_EXCEPTIONS = YES;
				PRODUCT_NAME = "$(TARGET_NAME)";
			};
			name = Debug;
		};
		C6B0D41A1C090CF40046E409 /* Release */ = {
			isa = XCBuildConfiguration;
			buildSettings = {
				ALWAYS_SEARCH_USER_PATHS = NO;
				COPY_PHASE_STRIP = YES;
				DEBUG_INFORMATION_FORMAT = "dwarf-with-dsym";
				GCC_ENABLE_OBJC_EXCEPTIONS = YES;
				PRODUCT_NAME = "$(TARGET_NAME)";
			};
			name = Release;
		};
/* End XCBuildConfiguration section */

/* Begin XCConfigurationList section */
		C6B0D4091C090CF40046E409 /* Build configuration list for PBXProject "4+14+12
5+16+15
6+18+21

8+21+16
10+24+20
12+27+28

4+7+4
5+8+5
6+9+7
Matrix" */ = {
			isa = XCConfigurationList;
			buildConfigurations = (
				C6B0D4161C090CF40046E409 /* Debug */,
				C6B0D4171C090CF40046E409 /* Release */,
			);
			defaultConfigurationIsVisible = 0;
			defaultConfigurationName = Release;
		};
		C6B0D4181C090CF40046E409 /* Build configuration list for PBXNativeTarget "4+14+12
5+16+15
6+18+21

8+21+16
10+24+20
12+27+28

4+7+4
5+8+5
6+9+7
Matrix" */ = {
			isa = XCConfigurationList;
			buildConfigurations = (
				C6B0D4191C090CF40046E409 /* Debug */,
				C6B0D41A1C090CF40046E409 /* Release */,
			);
			defaultConfigurationIsVisible = 0;
		};
/* End XCConfigurationList section */
	};
	rootObject = C6B0D4061C090CF40046E409 /* Project object */;
}
