// !$*UTF8*$!
{
	archiveVersion = 1;
	classes = {
	};
	objectVersion = 46;
	objects = {

/* Begin PBXBuildFile section */
		C6A91A8F1BE08DB60081F68F /* main.cpp in Sources */ = {isa = PBXBuildFile; fileRef = C6A91A8E1BE08DB60081F68F /* main.cpp */; };
/* End PBXBuildFile section */

/* Begin PBXCopyFilesBuildPhase section */
		C6A91A881BE08DB60081F68F /* CopyFiles */ = {
			isa = PBXCopyFilesBuildPhase;
			buildActionMask = 2147483647;
			dstPath = /usr/share/man/man1/;
			dstSubfolderSpec = 0;
			files = (
			);
			runOnlyForDeploymentPostprocessing = 1;
		};
/* End PBXCopyFilesBuildPhase section */

/* Begin PBXFileReference section */
		C6A91A8A1BE08DB60081F68F /* HexGame */ = {isa = PBXFileReference; explicitFileType = "compiled.mach-o.executable"; includeInIndex = 0; path = HexGame; sourceTree = BUILT_PRODUCTS_DIR; };
		C6A91A8E1BE08DB60081F68F /* main.cpp */ = {isa = PBXFileReference; lastKnownFileType = sourcecode.cpp.cpp; path = main.cpp; sourceTree = "<group>"; };
		C6A91A901BE08DB60081F68F /* HexGame.1 */ = {isa = PBXFileReference; lastKnownFileType = text.man; path = HexGame.1; sourceTree = "<group>"; };
		C6A91B5D1BE71BB20081F68F /* HexGame.rtf */ = {isa = PBXFileReference; fileEncoding = 4; lastKnownFileType = text.rtf; path = HexGame.rtf; sourceTree = "<group>"; };
/* End PBXFileReference section */

/* Begin PBXFrameworksBuildPhase section */
		C6A91A871BE08DB60081F68F /* Frameworks */ = {
			isa = PBXFrameworksBuildPhase;
			buildActionMask = 2147483647;
			files = (
			);
			runOnlyForDeploymentPostprocessing = 0;
		};
/* End PBXFrameworksBuildPhase section */

/* Begin PBXGroup section */
		C6A91A7F1BE08DB60081F68F = {
			isa = PBXGroup;
			children = (
				C6A91A8D1BE08DB60081F68F /* HexGame */,
				C6A91A8B1BE08DB60081F68F /* Products */,
			);
			sourceTree = "<group>";
		};
		C6A91A8B1BE08DB60081F68F /* Products */ = {
			isa = PBXGroup;
			children = (
				C6A91A8A1BE08DB60081F68F /* HexGame */,
			);
			name = Products;
			sourceTree = "<group>";
		};
		C6A91A8D1BE08DB60081F68F /* HexGame */ = {
			isa = PBXGroup;
			children = (
				C6A91A8E1BE08DB60081F68F /* main.cpp */,
				C6A91B5D1BE71BB20081F68F /* HexGame.rtf */,
				C6A91A901BE08DB60081F68F /* HexGame.1 */,
			);
			path = HexGame;
			sourceTree = "<group>";
		};
/* End PBXGroup section */

/* Begin PBXNativeTarget section */
		C6A91A891BE08DB60081F68F /* HexGame */ = {
			isa = PBXNativeTarget;
			buildConfigurationList = C6A91A931BE08DB60081F68F /* Build configuration list for PBXNativeTarget "HexGame" */;
			buildPhases = (
				C6A91A861BE08DB60081F68F /* Sources */,
				C6A91A871BE08DB60081F68F /* Frameworks */,
				C6A91A881BE08DB60081F68F /* CopyFiles */,
			);
			buildRules = (
			);
			dependencies = (
			);
			name = HexGame;
			productName = HexGame;
			productReference = C6A91A8A1BE08DB60081F68F /* HexGame */;
			productType = "com.apple.product-type.tool";
		};
/* End PBXNativeTarget section */

/* Begin PBXProject section */
		C6A91A811BE08DB60081F68F /* Project object */ = {
			isa = PBXProject;
			buildConfigurationList = C6A91A841BE08DB60081F68F /* Build configuration list for PBXProject "HexGame" */;
			compatibilityVersion = "Xcode 3.2";
			developmentRegion = English;
			hasScannedForEncodings = 0;
			knownRegions = (
				en,
			);
			mainGroup = C6A91A7F1BE08DB60081F68F;
			productRefGroup = C6A91A8B1BE08DB60081F68F /* Products */;
			projectDirPath = "";
			projectRoot = "";
			targets = (
				C6A91A891BE08DB60081F68F /* HexGame */,
			);
		};
/* End PBXProject section */

/* Begin PBXSourcesBuildPhase section */
		C6A91A861BE08DB60081F68F /* Sources */ = {
			isa = PBXSourcesBuildPhase;
			buildActionMask = 2147483647;
			files = (
				C6A91A8F1BE08DB60081F68F /* main.cpp in Sources */,
			);
			runOnlyForDeploymentPostprocessing = 0;
		};
/* End PBXSourcesBuildPhase section */

/* Begin XCBuildConfiguration section */
		C6A91A911BE08DB60081F68F /* Debug */ = {
			isa = XCBuildConfiguration;
			buildSettings = {
				ARCHS = "$(ARCHS_STANDARD_32_64_BIT)";
				GCC_C_LANGUAGE_STANDARD = gnu99;
				GCC_OPTIMIZATION_LEVEL = 0;
				GCC_PREPROCESSOR_DEFINITIONS = DEBUG;
				GCC_SYMBOLS_PRIVATE_EXTERN = NO;
				GCC_VERSION = com.apple.compilers.llvm.clang.1_0;
				GCC_WARN_64_TO_32_BIT_CONVERSION = YES;
				GCC_WARN_ABOUT_RETURN_TYPE = YES;
				GCC_WARN_UNUSED_VARIABLE = YES;
				MACOSX_DEPLOYMENT_TARGET = 10.6;
				ONLY_ACTIVE_ARCH = YES;
				SDKROOT = macosx;
			};
			name = Debug;
		};
		C6A91A921BE08DB60081F68F /* Release */ = {
			isa = XCBuildConfiguration;
			buildSettings = {
				ARCHS = "$(ARCHS_STANDARD_32_64_BIT)";
				GCC_C_LANGUAGE_STANDARD = gnu99;
				GCC_VERSION = com.apple.compilers.llvm.clang.1_0;
				GCC_WARN_64_TO_32_BIT_CONVERSION = YES;
				GCC_WARN_ABOUT_RETURN_TYPE = YES;
				GCC_WARN_UNUSED_VARIABLE = YES;
				MACOSX_DEPLOYMENT_TARGET = 10.6;
				SDKROOT = macosx;
			};
			name = Release;
		};
		C6A91A941BE08DB60081F68F /* Debug */ = {
			isa = XCBuildConfiguration;
			buildSettings = {
				ALWAYS_SEARCH_USER_PATHS = NO;
				COPY_PHASE_STRIP = NO;
				GCC_DYNAMIC_NO_PIC = NO;
				GCC_ENABLE_OBJC_EXCEPTIONS = YES;
				PRODUCT_NAME = "$(TARGET_NAME)";
			};
			name = Debug;
		};
		C6A91A951BE08DB60081F68F /* Release */ = {
			isa = XCBuildConfiguration;
			buildSettings = {
				ALWAYS_SEARCH_USER_PATHS = NO;
				COPY_PHASE_STRIP = YES;
				DEBUG_INFORMATION_FORMAT = "dwarf-with-dsym";
				GCC_ENABLE_OBJC_EXCEPTIONS = YES;
				PRODUCT_NAME = "$(TARGET_NAME)";
			};
			name = Release;
		};
/* End XCBuildConfiguration section */

/* Begin XCConfigurationList section */
		C6A91A841BE08DB60081F68F /* Build configuration list for PBXProject "HexGame" */ = {
			isa = XCConfigurationList;
			buildConfigurations = (
				C6A91A911BE08DB60081F68F /* Debug */,
				C6A91A921BE08DB60081F68F /* Release */,
			);
			defaultConfigurationIsVisible = 0;
			defaultConfigurationName = Release;
		};
		C6A91A931BE08DB60081F68F /* Build configuration list for PBXNativeTarget "HexGame" */ = {
			isa = XCConfigurationList;
			buildConfigurations = (
				C6A91A941BE08DB60081F68F /* Debug */,
				C6A91A951BE08DB60081F68F /* Release */,
			);
			defaultConfigurationIsVisible = 0;
			defaultConfigurationName = Release;
		};
/* End XCConfigurationList section */
	};
	rootObject = C6A91A811BE08DB60081F68F /* Project object */;
}
