// !$*UTF8*$!
{
	archiveVersion = 1;
	classes = {
	};
	objectVersion = 46;
	objects = {

/* Begin PBXBuildFile section */
		C639CCC61C02B670000F8FF9 /* main.cpp in Sources */ = {isa = PBXBuildFile; fileRef = C639CCC51C02B670000F8FF9 /* main.cpp */; };
		C639CCD01C02BBD6000F8FF9 /* MazeEscape_main.cpp in Sources */ = {isa = PBXBuildFile; fileRef = C639CCCE1C02BBD6000F8FF9 /* MazeEscape_main.cpp */; };
/* End PBXBuildFile section */

/* Begin PBXCopyFilesBuildPhase section */
		C639CCBF1C02B670000F8FF9 /* CopyFiles */ = {
			isa = PBXCopyFilesBuildPhase;
			buildActionMask = 2147483647;
			dstPath = /usr/share/man/man1/;
			dstSubfolderSpec = 0;
			files = (
			);
			runOnlyForDeploymentPostprocessing = 1;
		};
/* End PBXCopyFilesBuildPhase section */

/* Begin PBXFileReference section */
		C639CCC11C02B670000F8FF9 /* MazeEscape */ = {isa = PBXFileReference; explicitFileType = "compiled.mach-o.executable"; includeInIndex = 0; path = MazeEscape; sourceTree = BUILT_PRODUCTS_DIR; };
		C639CCC51C02B670000F8FF9 /* main.cpp */ = {isa = PBXFileReference; lastKnownFileType = sourcecode.cpp.cpp; path = main.cpp; sourceTree = "<group>"; };
		C639CCC71C02B670000F8FF9 /* MazeEscape.1 */ = {isa = PBXFileReference; lastKnownFileType = text.man; path = MazeEscape.1; sourceTree = "<group>"; };
		C639CCCE1C02BBD6000F8FF9 /* MazeEscape_main.cpp */ = {isa = PBXFileReference; fileEncoding = 4; lastKnownFileType = sourcecode.cpp.cpp; name = MazeEscape_main.cpp; path = ../MazeEscape_main.cpp; sourceTree = "<group>"; };
/* End PBXFileReference section */

/* Begin PBXFrameworksBuildPhase section */
		C639CCBE1C02B670000F8FF9 /* Frameworks */ = {
			isa = PBXFrameworksBuildPhase;
			buildActionMask = 2147483647;
			files = (
			);
			runOnlyForDeploymentPostprocessing = 0;
		};
/* End PBXFrameworksBuildPhase section */

/* Begin PBXGroup section */
		C639CCB61C02B670000F8FF9 = {
			isa = PBXGroup;
			children = (
				C639CCC41C02B670000F8FF9 /* MazeEscape */,
				C639CCC21C02B670000F8FF9 /* Products */,
			);
			sourceTree = "<group>";
		};
		C639CCC21C02B670000F8FF9 /* Products */ = {
			isa = PBXGroup;
			children = (
				C639CCC11C02B670000F8FF9 /* MazeEscape */,
			);
			name = Products;
			sourceTree = "<group>";
		};
		C639CCC41C02B670000F8FF9 /* MazeEscape */ = {
			isa = PBXGroup;
			children = (
				C639CCC51C02B670000F8FF9 /* main.cpp */,
				C639CCCE1C02BBD6000F8FF9 /* MazeEscape_main.cpp */,
				C639CCC71C02B670000F8FF9 /* MazeEscape.1 */,
			);
			path = MazeEscape;
			sourceTree = "<group>";
		};
/* End PBXGroup section */

/* Begin PBXNativeTarget section */
		C639CCC01C02B670000F8FF9 /* MazeEscape */ = {
			isa = PBXNativeTarget;
			buildConfigurationList = C639CCCA1C02B670000F8FF9 /* Build configuration list for PBXNativeTarget "MazeEscape" */;
			buildPhases = (
				C639CCBD1C02B670000F8FF9 /* Sources */,
				C639CCBE1C02B670000F8FF9 /* Frameworks */,
				C639CCBF1C02B670000F8FF9 /* CopyFiles */,
			);
			buildRules = (
			);
			dependencies = (
			);
			name = MazeEscape;
			productName = MazeEscape;
			productReference = C639CCC11C02B670000F8FF9 /* MazeEscape */;
			productType = "com.apple.product-type.tool";
		};
/* End PBXNativeTarget section */

/* Begin PBXProject section */
		C639CCB81C02B670000F8FF9 /* Project object */ = {
			isa = PBXProject;
			buildConfigurationList = C639CCBB1C02B670000F8FF9 /* Build configuration list for PBXProject "MazeEscape" */;
			compatibilityVersion = "Xcode 3.2";
			developmentRegion = English;
			hasScannedForEncodings = 0;
			knownRegions = (
				en,
			);
			mainGroup = C639CCB61C02B670000F8FF9;
			productRefGroup = C639CCC21C02B670000F8FF9 /* Products */;
			projectDirPath = "";
			projectRoot = "";
			targets = (
				C639CCC01C02B670000F8FF9 /* MazeEscape */,
			);
		};
/* End PBXProject section */

/* Begin PBXSourcesBuildPhase section */
		C639CCBD1C02B670000F8FF9 /* Sources */ = {
			isa = PBXSourcesBuildPhase;
			buildActionMask = 2147483647;
			files = (
				C639CCC61C02B670000F8FF9 /* main.cpp in Sources */,
				C639CCD01C02BBD6000F8FF9 /* MazeEscape_main.cpp in Sources */,
			);
			runOnlyForDeploymentPostprocessing = 0;
		};
/* End PBXSourcesBuildPhase section */

/* Begin XCBuildConfiguration section */
		C639CCC81C02B670000F8FF9 /* Debug */ = {
			isa = XCBuildConfiguration;
			buildSettings = {
				ARCHS = "$(ARCHS_STANDARD_32_64_BIT)";
				GCC_C_LANGUAGE_STANDARD = gnu99;
				GCC_OPTIMIZATION_LEVEL = 0;
				GCC_PREPROCESSOR_DEFINITIONS = DEBUG;
				GCC_SYMBOLS_PRIVATE_EXTERN = NO;
				GCC_VERSION = com.apple.compilers.llvm.clang.1_0;
				GCC_WARN_64_TO_32_BIT_CONVERSION = YES;
				GCC_WARN_ABOUT_RETURN_TYPE = YES;
				GCC_WARN_UNUSED_VARIABLE = YES;
				MACOSX_DEPLOYMENT_TARGET = 10.6;
				ONLY_ACTIVE_ARCH = YES;
				SDKROOT = macosx;
			};
			name = Debug;
		};
		C639CCC91C02B670000F8FF9 /* Release */ = {
			isa = XCBuildConfiguration;
			buildSettings = {
				ARCHS = "$(ARCHS_STANDARD_32_64_BIT)";
				GCC_C_LANGUAGE_STANDARD = gnu99;
				GCC_VERSION = com.apple.compilers.llvm.clang.1_0;
				GCC_WARN_64_TO_32_BIT_CONVERSION = YES;
				GCC_WARN_ABOUT_RETURN_TYPE = YES;
				GCC_WARN_UNUSED_VARIABLE = YES;
				MACOSX_DEPLOYMENT_TARGET = 10.6;
				SDKROOT = macosx;
			};
			name = Release;
		};
		C639CCCB1C02B670000F8FF9 /* Debug */ = {
			isa = XCBuildConfiguration;
			buildSettings = {
				ALWAYS_SEARCH_USER_PATHS = NO;
				COPY_PHASE_STRIP = NO;
				GCC_DYNAMIC_NO_PIC = NO;
				GCC_ENABLE_OBJC_EXCEPTIONS = YES;
				PRODUCT_NAME = "$(TARGET_NAME)";
			};
			name = Debug;
		};
		C639CCCC1C02B670000F8FF9 /* Release */ = {
			isa = XCBuildConfiguration;
			buildSettings = {
				ALWAYS_SEARCH_USER_PATHS = NO;
				COPY_PHASE_STRIP = YES;
				DEBUG_INFORMATION_FORMAT = "dwarf-with-dsym";
				GCC_ENABLE_OBJC_EXCEPTIONS = YES;
				PRODUCT_NAME = "$(TARGET_NAME)";
			};
			name = Release;
		};
/* End XCBuildConfiguration section */

/* Begin XCConfigurationList section */
		C639CCBB1C02B670000F8FF9 /* Build configuration list for PBXProject "MazeEscape" */ = {
			isa = XCConfigurationList;
			buildConfigurations = (
				C639CCC81C02B670000F8FF9 /* Debug */,
				C639CCC91C02B670000F8FF9 /* Release */,
			);
			defaultConfigurationIsVisible = 0;
			defaultConfigurationName = Release;
		};
		C639CCCA1C02B670000F8FF9 /* Build configuration list for PBXNativeTarget "MazeEscape" */ = {
			isa = XCConfigurationList;
			buildConfigurations = (
				C639CCCB1C02B670000F8FF9 /* Debug */,
				C639CCCC1C02B670000F8FF9 /* Release */,
			);
			defaultConfigurationIsVisible = 0;
		};
/* End XCConfigurationList section */
	};
	rootObject = C639CCB81C02B670000F8FF9 /* Project object */;
}
