// !$*UTF8*$!
{
	archiveVersion = 1;
	classes = {
	};
	objectVersion = 46;
	objects = {

/* Begin PBXBuildFile section */
		C639CD281C058954000F8FF9 /* Isola_main.cpp in Sources */ = {isa = PBXBuildFile; fileRef = C639CD271C058954000F8FF9 /* Isola_main.cpp */; };
/* End PBXBuildFile section */

/* Begin PBXCopyFilesBuildPhase section */
		C65B62D81BDF843E000699AC /* CopyFiles */ = {
			isa = PBXCopyFilesBuildPhase;
			buildActionMask = 2147483647;
			dstPath = /usr/share/man/man1/;
			dstSubfolderSpec = 0;
			files = (
			);
			runOnlyForDeploymentPostprocessing = 1;
		};
/* End PBXCopyFilesBuildPhase section */

/* Begin PBXFileReference section */
		C639CD271C058954000F8FF9 /* Isola_main.cpp */ = {isa = PBXFileReference; fileEncoding = 4; lastKnownFileType = sourcecode.cpp.cpp; path = Isola_main.cpp; sourceTree = "<group>"; };
		C65B62DA1BDF843E000699AC /* Isola */ = {isa = PBXFileReference; explicitFileType = "compiled.mach-o.executable"; includeInIndex = 0; path = Isola; sourceTree = BUILT_PRODUCTS_DIR; };
		C65B62E01BDF843E000699AC /* Isola.1 */ = {isa = PBXFileReference; lastKnownFileType = text.man; path = Isola.1; sourceTree = "<group>"; };
		C69651201BFA654C004C1DD3 /* README.md */ = {isa = PBXFileReference; fileEncoding = 4; lastKnownFileType = text; name = README.md; path = ../../README.md; sourceTree = "<group>"; };
/* End PBXFileReference section */

/* Begin PBXFrameworksBuildPhase section */
		C65B62D71BDF843E000699AC /* Frameworks */ = {
			isa = PBXFrameworksBuildPhase;
			buildActionMask = 2147483647;
			files = (
			);
			runOnlyForDeploymentPostprocessing = 0;
		};
/* End PBXFrameworksBuildPhase section */

/* Begin PBXGroup section */
		C65B62CF1BDF843E000699AC = {
			isa = PBXGroup;
			children = (
				C639CD271C058954000F8FF9 /* Isola_main.cpp */,
				C65B62DD1BDF843E000699AC /* Isola */,
				C65B62DB1BDF843E000699AC /* Products */,
			);
			sourceTree = "<group>";
		};
		C65B62DB1BDF843E000699AC /* Products */ = {
			isa = PBXGroup;
			children = (
				C65B62DA1BDF843E000699AC /* Isola */,
			);
			name = Products;
			sourceTree = "<group>";
		};
		C65B62DD1BDF843E000699AC /* Isola */ = {
			isa = PBXGroup;
			children = (
				C69651201BFA654C004C1DD3 /* README.md */,
				C65B62E01BDF843E000699AC /* Isola.1 */,
			);
			path = Isola;
			sourceTree = "<group>";
		};
/* End PBXGroup section */

/* Begin PBXNativeTarget section */
		C65B62D91BDF843E000699AC /* Isola */ = {
			isa = PBXNativeTarget;
			buildConfigurationList = C65B62E31BDF843E000699AC /* Build configuration list for PBXNativeTarget "Isola" */;
			buildPhases = (
				C65B62D61BDF843E000699AC /* Sources */,
				C65B62D71BDF843E000699AC /* Frameworks */,
				C65B62D81BDF843E000699AC /* CopyFiles */,
			);
			buildRules = (
			);
			dependencies = (
			);
			name = Isola;
			productName = Isola;
			productReference = C65B62DA1BDF843E000699AC /* Isola */;
			productType = "com.apple.product-type.tool";
		};
/* End PBXNativeTarget section */

/* Begin PBXProject section */
		C65B62D11BDF843E000699AC /* Project object */ = {
			isa = PBXProject;
			buildConfigurationList = C65B62D41BDF843E000699AC /* Build configuration list for PBXProject "Isola" */;
			compatibilityVersion = "Xcode 3.2";
			developmentRegion = English;
			hasScannedForEncodings = 0;
			knownRegions = (
				en,
			);
			mainGroup = C65B62CF1BDF843E000699AC;
			productRefGroup = C65B62DB1BDF843E000699AC /* Products */;
			projectDirPath = "";
			projectRoot = "";
			targets = (
				C65B62D91BDF843E000699AC /* Isola */,
			);
		};
/* End PBXProject section */

/* Begin PBXSourcesBuildPhase section */
		C65B62D61BDF843E000699AC /* Sources */ = {
			isa = PBXSourcesBuildPhase;
			buildActionMask = 2147483647;
			files = (
				C639CD281C058954000F8FF9 /* Isola_main.cpp in Sources */,
			);
			runOnlyForDeploymentPostprocessing = 0;
		};
/* End PBXSourcesBuildPhase section */

/* Begin XCBuildConfiguration section */
		C65B62E11BDF843E000699AC /* Debug */ = {
			isa = XCBuildConfiguration;
			buildSettings = {
				ARCHS = "$(ARCHS_STANDARD_32_64_BIT)";
				GCC_C_LANGUAGE_STANDARD = gnu99;
				GCC_OPTIMIZATION_LEVEL = 0;
				GCC_PREPROCESSOR_DEFINITIONS = DEBUG;
				GCC_SYMBOLS_PRIVATE_EXTERN = NO;
				GCC_VERSION = com.apple.compilers.llvm.clang.1_0;
				GCC_WARN_64_TO_32_BIT_CONVERSION = YES;
				GCC_WARN_ABOUT_RETURN_TYPE = YES;
				GCC_WARN_UNUSED_VARIABLE = YES;
				MACOSX_DEPLOYMENT_TARGET = 10.6;
				ONLY_ACTIVE_ARCH = YES;
				SDKROOT = macosx;
			};
			name = Debug;
		};
		C65B62E21BDF843E000699AC /* Release */ = {
			isa = XCBuildConfiguration;
			buildSettings = {
				ARCHS = "$(ARCHS_STANDARD_32_64_BIT)";
				GCC_C_LANGUAGE_STANDARD = gnu99;
				GCC_VERSION = com.apple.compilers.llvm.clang.1_0;
				GCC_WARN_64_TO_32_BIT_CONVERSION = YES;
				GCC_WARN_ABOUT_RETURN_TYPE = YES;
				GCC_WARN_UNUSED_VARIABLE = YES;
				MACOSX_DEPLOYMENT_TARGET = 10.6;
				SDKROOT = macosx;
			};
			name = Release;
		};
		C65B62E41BDF843E000699AC /* Debug */ = {
			isa = XCBuildConfiguration;
			buildSettings = {
				ALWAYS_SEARCH_USER_PATHS = NO;
				COPY_PHASE_STRIP = NO;
				GCC_DYNAMIC_NO_PIC = NO;
				GCC_ENABLE_OBJC_EXCEPTIONS = YES;
				PRODUCT_NAME = "$(TARGET_NAME)";
			};
			name = Debug;
		};
		C65B62E51BDF843E000699AC /* Release */ = {
			isa = XCBuildConfiguration;
			buildSettings = {
				ALWAYS_SEARCH_USER_PATHS = NO;
				COPY_PHASE_STRIP = YES;
				DEBUG_INFORMATION_FORMAT = "dwarf-with-dsym";
				GCC_ENABLE_OBJC_EXCEPTIONS = YES;
				PRODUCT_NAME = "$(TARGET_NAME)";
			};
			name = Release;
		};
/* End XCBuildConfiguration section */

/* Begin XCConfigurationList section */
		C65B62D41BDF843E000699AC /* Build configuration list for PBXProject "Isola" */ = {
			isa = XCConfigurationList;
			buildConfigurations = (
				C65B62E11BDF843E000699AC /* Debug */,
				C65B62E21BDF843E000699AC /* Release */,
			);
			defaultConfigurationIsVisible = 0;
			defaultConfigurationName = Release;
		};
		C65B62E31BDF843E000699AC /* Build configuration list for PBXNativeTarget "Isola" */ = {
			isa = XCConfigurationList;
			buildConfigurations = (
				C65B62E41BDF843E000699AC /* Debug */,
				C65B62E51BDF843E000699AC /* Release */,
			);
			defaultConfigurationIsVisible = 0;
			defaultConfigurationName = Release;
		};
/* End XCConfigurationList section */
	};
	rootObject = C65B62D11BDF843E000699AC /* Project object */;
}
